
Microsoft Visual Studio Solution File, Format Version 11.00
# Visual Studio 2010
Project("{FAE04EC0-301F-11D3-BF4B-00C04F79EFBC}") = "qnax", "qnax\qnax.csproj", "{94C0CE09-49DD-4FD5-A379-D46A6B6A468B}"
EndProject
Global
	GlobalSection(SolutionConfigurationPlatforms) = preSolution
		Debug|Any CPU = Debug|Any CPU
		Release|Any CPU = Release|Any CPU
	EndGlobalSection
	GlobalSection(ProjectConfigurationPlatforms) = postSolution
		{94C0CE09-49DD-4FD5-A379-D46A6B6A468B}.Debug|Any CPU.ActiveCfg = Debug|Any CPU
		{94C0CE09-49DD-4FD5-A379-D46A6B6A468B}.Debug|Any CPU.Build.0 = Debug|Any CPU
		{94C0CE09-49DD-4FD5-A379-D46A6B6A468B}.Release|Any CPU.ActiveCfg = Release|Any CPU
		{94C0CE09-49DD-4FD5-A379-D46A6B6A468B}.Release|Any CPU.Build.0 = Release|Any CPU
	EndGlobalSection
	GlobalSection(MonoDevelopProperties) = preSolution
		StartupItem = qnax\qnax.csproj
	EndGlobalSection
EndGlobal
